PODS:
  - Analytics (4.0.0-beta.1)

DEPENDENCIES:
  - Analytics (~> 4.0.0-beta.1)

SPEC REPOS:
  https://github.com/cocoapods/specs.git:
    - Analytics

SPEC CHECKSUMS:
  Analytics: 0ad8eabf3005101aae8008ba6f2eda2d6ecf0b6c

PODFILE CHECKSUM: c65c6b5f36f112b0b5bb80f850a6e86cf31768e8

COCOAPODS: 1.7.1
